// !$*UTF8*$!
{
	archiveVersion = 1;
	classes = {
	};
	objectVersion = 46;
	objects = {

/* Begin PBXBuildFile section */
		690B41171EE13CF800007E26 /* DCIPAddr.h in Headers */ = {isa = PBXBuildFile; fileRef = 690B41151EE13CF800007E26 /* DCIPAddr.h */; settings = {ATTRIBUTES = (Public, ); }; };
		690B41181EE13CF800007E26 /* DCIPAddr.h in Headers */ = {isa = PBXBuildFile; fileRef = 690B41151EE13CF800007E26 /* DCIPAddr.h */; settings = {ATTRIBUTES = (Public, ); }; };
		690B41191EE13CF800007E26 /* DCIPAddr.m in Sources */ = {isa = PBXBuildFile; fileRef = 690B41161EE13CF800007E26 /* DCIPAddr.m */; };
		690B411A1EE13CF800007E26 /* DCIPAddr.m in Sources */ = {isa = PBXBuildFile; fileRef = 690B41161EE13CF800007E26 /* DCIPAddr.m */; };
		6918833D1DDCA36A0051DAAE /* STTraffic.h in Headers */ = {isa = PBXBuildFile; fileRef = 6918833B1DDCA36A0051DAAE /* STTraffic.h */; settings = {ATTRIBUTES = (Public, ); }; };
		6918833E1DDCA36A0051DAAE /* STTraffic.m in Sources */ = {isa = PBXBuildFile; fileRef = 6918833C1DDCA36A0051DAAE /* STTraffic.m */; };
		691883411DDD44AB0051DAAE /* DNSResolver.h in Headers */ = {isa = PBXBuildFile; fileRef = 6918833F1DDD44AB0051DAAE /* DNSResolver.h */; settings = {ATTRIBUTES = (Public, ); }; };
		691883421DDD44AB0051DAAE /* DNSResolver.m in Sources */ = {isa = PBXBuildFile; fileRef = 691883401DDD44AB0051DAAE /* DNSResolver.m */; };
		6949404F1DE0AE2200F67DF0 /* DarwinCore.framework in Frameworks */ = {isa = PBXBuildFile; fileRef = 69B954D81DDF7D3F006AF669 /* DarwinCore.framework */; };
		694940501DE0AE2200F67DF0 /* DarwinCore.framework in Embed Frameworks */ = {isa = PBXBuildFile; fileRef = 69B954D81DDF7D3F006AF669 /* DarwinCore.framework */; settings = {ATTRIBUTES = (CodeSignOnCopy, RemoveHeadersOnCopy, ); }; };
		69639C1D1EE1B2EF00893D18 /* IPSum.h in Headers */ = {isa = PBXBuildFile; fileRef = 69639C1B1EE1B2EF00893D18 /* IPSum.h */; settings = {ATTRIBUTES = (Public, ); }; };
		69639C1E1EE1B2EF00893D18 /* IPSum.h in Headers */ = {isa = PBXBuildFile; fileRef = 69639C1B1EE1B2EF00893D18 /* IPSum.h */; settings = {ATTRIBUTES = (Public, ); }; };
		69639C1F1EE1B2EF00893D18 /* IPSum.m in Sources */ = {isa = PBXBuildFile; fileRef = 69639C1C1EE1B2EF00893D18 /* IPSum.m */; };
		69639C201EE1B2EF00893D18 /* IPSum.m in Sources */ = {isa = PBXBuildFile; fileRef = 69639C1C1EE1B2EF00893D18 /* IPSum.m */; };
		69784D911DE0AB4A007E32C2 /* AppDelegate.swift in Sources */ = {isa = PBXBuildFile; fileRef = 69784D901DE0AB4A007E32C2 /* AppDelegate.swift */; };
		69784D931DE0AB4A007E32C2 /* ViewController.swift in Sources */ = {isa = PBXBuildFile; fileRef = 69784D921DE0AB4A007E32C2 /* ViewController.swift */; };
		69784D951DE0AB4A007E32C2 /* Assets.xcassets in Resources */ = {isa = PBXBuildFile; fileRef = 69784D941DE0AB4A007E32C2 /* Assets.xcassets */; };
		69784D981DE0AB4A007E32C2 /* Main.storyboard in Resources */ = {isa = PBXBuildFile; fileRef = 69784D961DE0AB4A007E32C2 /* Main.storyboard */; };
		69A684A11DE0AF7D00ED80D1 /* DarwinCore.h in Headers */ = {isa = PBXBuildFile; fileRef = 69B954DA1DDF7D3F006AF669 /* DarwinCore.h */; settings = {ATTRIBUTES = (Public, ); }; };
		69B954E01DDF7D4D006AF669 /* DNSResolver.m in Sources */ = {isa = PBXBuildFile; fileRef = 691883401DDD44AB0051DAAE /* DNSResolver.m */; };
		69B954E11DDF7D51006AF669 /* STTraffic.m in Sources */ = {isa = PBXBuildFile; fileRef = 6918833C1DDCA36A0051DAAE /* STTraffic.m */; };
		69B954E41DDF7D5E006AF669 /* DNS.m in Sources */ = {isa = PBXBuildFile; fileRef = 69FC1AD21DDBF27C00EF8AAC /* DNS.m */; };
		69B954E51DDF7D62006AF669 /* DNS.h in Headers */ = {isa = PBXBuildFile; fileRef = 69FC1AD11DDBF27C00EF8AAC /* DNS.h */; settings = {ATTRIBUTES = (Public, ); }; };
		69B954E71DDF7D74006AF669 /* STTraffic.h in Headers */ = {isa = PBXBuildFile; fileRef = 6918833B1DDCA36A0051DAAE /* STTraffic.h */; settings = {ATTRIBUTES = (Public, ); }; };
		69B954E81DDF7D7A006AF669 /* DNSResolver.h in Headers */ = {isa = PBXBuildFile; fileRef = 6918833F1DDD44AB0051DAAE /* DNSResolver.h */; settings = {ATTRIBUTES = (Public, ); }; };
		69B954EA1DDF7EA6006AF669 /* libresolv.tbd in Frameworks */ = {isa = PBXBuildFile; fileRef = 69B954E91DDF7EA6006AF669 /* libresolv.tbd */; };
		69E40E9E1F45251E00C1DDC3 /* shared.h in Headers */ = {isa = PBXBuildFile; fileRef = 69E40E9D1F45251E00C1DDC3 /* shared.h */; };
		69E40E9F1F45251E00C1DDC3 /* shared.h in Headers */ = {isa = PBXBuildFile; fileRef = 69E40E9D1F45251E00C1DDC3 /* shared.h */; };
		69E40EA11F45255600C1DDC3 /* common.h in Headers */ = {isa = PBXBuildFile; fileRef = 69E40EA01F45255600C1DDC3 /* common.h */; };
		69E40EA21F45255600C1DDC3 /* common.h in Headers */ = {isa = PBXBuildFile; fileRef = 69E40EA01F45255600C1DDC3 /* common.h */; };
		69E40EA51F45282800C1DDC3 /* GCDSocketServer.h in Headers */ = {isa = PBXBuildFile; fileRef = 69E40EA31F45282800C1DDC3 /* GCDSocketServer.h */; settings = {ATTRIBUTES = (Public, ); }; };
		69E40EA61F45282800C1DDC3 /* GCDSocketServer.h in Headers */ = {isa = PBXBuildFile; fileRef = 69E40EA31F45282800C1DDC3 /* GCDSocketServer.h */; settings = {ATTRIBUTES = (Public, ); }; };
		69E40EA71F45282800C1DDC3 /* GCDSocketServer.m in Sources */ = {isa = PBXBuildFile; fileRef = 69E40EA41F45282800C1DDC3 /* GCDSocketServer.m */; };
		69E40EA81F45282800C1DDC3 /* GCDSocketServer.m in Sources */ = {isa = PBXBuildFile; fileRef = 69E40EA41F45282800C1DDC3 /* GCDSocketServer.m */; };
		69FC1ACB1DDBF25400EF8AAC /* DarwinCore.h in Headers */ = {isa = PBXBuildFile; fileRef = 69FC1AC91DDBF25400EF8AAC /* DarwinCore.h */; settings = {ATTRIBUTES = (Public, ); }; };
		69FC1AD31DDBF27C00EF8AAC /* DNS.h in Headers */ = {isa = PBXBuildFile; fileRef = 69FC1AD11DDBF27C00EF8AAC /* DNS.h */; settings = {ATTRIBUTES = (Public, ); }; };
		69FC1AD41DDBF27C00EF8AAC /* DNS.m in Sources */ = {isa = PBXBuildFile; fileRef = 69FC1AD21DDBF27C00EF8AAC /* DNS.m */; };
		69FC1AD71DDBF48F00EF8AAC /* libresolv.tbd in Frameworks */ = {isa = PBXBuildFile; fileRef = 69FC1AD61DDBF48F00EF8AAC /* libresolv.tbd */; };
		69FC1AD91DDBF4F800EF8AAC /* route.c in Sources */ = {isa = PBXBuildFile; fileRef = 69FC1AD81DDBF4F800EF8AAC /* route.c */; };
		69FC1ADC1DDBF69300EF8AAC /* Route.h in Headers */ = {isa = PBXBuildFile; fileRef = 69FC1ADA1DDBF69300EF8AAC /* Route.h */; settings = {ATTRIBUTES = (Public, ); }; };
		69FC1ADD1DDBF69300EF8AAC /* Route.m in Sources */ = {isa = PBXBuildFile; fileRef = 69FC1ADB1DDBF69300EF8AAC /* Route.m */; };
		69FC1AE51DDBF77300EF8AAC /* AppDelegate.swift in Sources */ = {isa = PBXBuildFile; fileRef = 69FC1AE41DDBF77300EF8AAC /* AppDelegate.swift */; };
		69FC1AE71DDBF77300EF8AAC /* ViewController.swift in Sources */ = {isa = PBXBuildFile; fileRef = 69FC1AE61DDBF77300EF8AAC /* ViewController.swift */; };
		69FC1AEA1DDBF77300EF8AAC /* Main.storyboard in Resources */ = {isa = PBXBuildFile; fileRef = 69FC1AE81DDBF77300EF8AAC /* Main.storyboard */; };
		69FC1AEC1DDBF77300EF8AAC /* Assets.xcassets in Resources */ = {isa = PBXBuildFile; fileRef = 69FC1AEB1DDBF77300EF8AAC /* Assets.xcassets */; };
		69FC1AEF1DDBF77300EF8AAC /* LaunchScreen.storyboard in Resources */ = {isa = PBXBuildFile; fileRef = 69FC1AED1DDBF77300EF8AAC /* LaunchScreen.storyboard */; };
		69FC1AF61DDBF7CC00EF8AAC /* DarwinCore.framework in Frameworks */ = {isa = PBXBuildFile; fileRef = 69FC1AC61DDBF25400EF8AAC /* DarwinCore.framework */; };
		69FC1AF81DDBF7E100EF8AAC /* DarwinCore.framework in CopyFiles */ = {isa = PBXBuildFile; fileRef = 69FC1AC61DDBF25400EF8AAC /* DarwinCore.framework */; settings = {ATTRIBUTES = (CodeSignOnCopy, RemoveHeadersOnCopy, ); }; };
/* End PBXBuildFile section */

/* Begin PBXContainerItemProxy section */
		69784D9E1DE0ABE4007E32C2 /* PBXContainerItemProxy */ = {
			isa = PBXContainerItemProxy;
			containerPortal = 69FC1ABD1DDBF25400EF8AAC /* Project object */;
			proxyType = 1;
			remoteGlobalIDString = 69B954D71DDF7D3F006AF669;
			remoteInfo = DarwinCoreOSX;
		};
		69FC1AF41DDBF7C000EF8AAC /* PBXContainerItemProxy */ = {
			isa = PBXContainerItemProxy;
			containerPortal = 69FC1ABD1DDBF25400EF8AAC /* Project object */;
			proxyType = 1;
			remoteGlobalIDString = 69FC1AC51DDBF25400EF8AAC;
			remoteInfo = DarwinCore;
		};
/* End PBXContainerItemProxy section */

/* Begin PBXCopyFilesBuildPhase section */
		694940511DE0AE2200F67DF0 /* Embed Frameworks */ = {
			isa = PBXCopyFilesBuildPhase;
			buildActionMask = 2147483647;
			dstPath = "";
			dstSubfolderSpec = 10;
			files = (
				694940501DE0AE2200F67DF0 /* DarwinCore.framework in Embed Frameworks */,
			);
			name = "Embed Frameworks";
			runOnlyForDeploymentPostprocessing = 0;
		};
		69FC1AF71DDBF7D400EF8AAC /* CopyFiles */ = {
			isa = PBXCopyFilesBuildPhase;
			buildActionMask = 2147483647;
			dstPath = "";
			dstSubfolderSpec = 10;
			files = (
				69FC1AF81DDBF7E100EF8AAC /* DarwinCore.framework in CopyFiles */,
			);
			runOnlyForDeploymentPostprocessing = 0;
		};
/* End PBXCopyFilesBuildPhase section */

/* Begin PBXFileReference section */
		690B41151EE13CF800007E26 /* DCIPAddr.h */ = {isa = PBXFileReference; fileEncoding = 4; lastKnownFileType = sourcecode.c.h; path = DCIPAddr.h; sourceTree = "<group>"; };
		690B41161EE13CF800007E26 /* DCIPAddr.m */ = {isa = PBXFileReference; fileEncoding = 4; lastKnownFileType = sourcecode.c.objc; path = DCIPAddr.m; sourceTree = "<group>"; };
		6918833B1DDCA36A0051DAAE /* STTraffic.h */ = {isa = PBXFileReference; fileEncoding = 4; lastKnownFileType = sourcecode.c.h; path = STTraffic.h; sourceTree = "<group>"; };
		6918833C1DDCA36A0051DAAE /* STTraffic.m */ = {isa = PBXFileReference; fileEncoding = 4; lastKnownFileType = sourcecode.c.objc; path = STTraffic.m; sourceTree = "<group>"; };
		6918833F1DDD44AB0051DAAE /* DNSResolver.h */ = {isa = PBXFileReference; fileEncoding = 4; lastKnownFileType = sourcecode.c.h; path = DNSResolver.h; sourceTree = "<group>"; };
		691883401DDD44AB0051DAAE /* DNSResolver.m */ = {isa = PBXFileReference; fileEncoding = 4; lastKnownFileType = sourcecode.c.objc; path = DNSResolver.m; sourceTree = "<group>"; };
		69639C1B1EE1B2EF00893D18 /* IPSum.h */ = {isa = PBXFileReference; fileEncoding = 4; lastKnownFileType = sourcecode.c.h; path = IPSum.h; sourceTree = "<group>"; };
		69639C1C1EE1B2EF00893D18 /* IPSum.m */ = {isa = PBXFileReference; fileEncoding = 4; lastKnownFileType = sourcecode.c.objc; path = IPSum.m; sourceTree = "<group>"; };
		69784D8E1DE0AB4A007E32C2 /* macOSTest.app */ = {isa = PBXFileReference; explicitFileType = wrapper.application; includeInIndex = 0; path = macOSTest.app; sourceTree = BUILT_PRODUCTS_DIR; };
		69784D901DE0AB4A007E32C2 /* AppDelegate.swift */ = {isa = PBXFileReference; lastKnownFileType = sourcecode.swift; path = AppDelegate.swift; sourceTree = "<group>"; };
		69784D921DE0AB4A007E32C2 /* ViewController.swift */ = {isa = PBXFileReference; lastKnownFileType = sourcecode.swift; path = ViewController.swift; sourceTree = "<group>"; };
		69784D941DE0AB4A007E32C2 /* Assets.xcassets */ = {isa = PBXFileReference; lastKnownFileType = folder.assetcatalog; path = Assets.xcassets; sourceTree = "<group>"; };
		69784D971DE0AB4A007E32C2 /* Base */ = {isa = PBXFileReference; lastKnownFileType = file.storyboard; name = Base; path = Base.lproj/Main.storyboard; sourceTree = "<group>"; };
		69784D991DE0AB4A007E32C2 /* Info.plist */ = {isa = PBXFileReference; lastKnownFileType = text.plist.xml; path = Info.plist; sourceTree = "<group>"; };
		69B954D81DDF7D3F006AF669 /* DarwinCore.framework */ = {isa = PBXFileReference; explicitFileType = wrapper.framework; includeInIndex = 0; path = DarwinCore.framework; sourceTree = BUILT_PRODUCTS_DIR; };
		69B954DA1DDF7D3F006AF669 /* DarwinCore.h */ = {isa = PBXFileReference; lastKnownFileType = sourcecode.c.h; path = DarwinCore.h; sourceTree = "<group>"; };
		69B954DB1DDF7D3F006AF669 /* Info.plist */ = {isa = PBXFileReference; lastKnownFileType = text.plist.xml; path = Info.plist; sourceTree = "<group>"; };
		69B954E91DDF7EA6006AF669 /* libresolv.tbd */ = {isa = PBXFileReference; lastKnownFileType = "sourcecode.text-based-dylib-definition"; name = libresolv.tbd; path = Platforms/MacOSX.platform/Developer/SDKs/MacOSX10.12.sdk/usr/lib/libresolv.tbd; sourceTree = DEVELOPER_DIR; };
		69E40E9D1F45251E00C1DDC3 /* shared.h */ = {isa = PBXFileReference; fileEncoding = 4; lastKnownFileType = sourcecode.c.h; path = shared.h; sourceTree = "<group>"; };
		69E40EA01F45255600C1DDC3 /* common.h */ = {isa = PBXFileReference; fileEncoding = 4; lastKnownFileType = sourcecode.c.h; path = common.h; sourceTree = "<group>"; };
		69E40EA31F45282800C1DDC3 /* GCDSocketServer.h */ = {isa = PBXFileReference; fileEncoding = 4; lastKnownFileType = sourcecode.c.h; path = GCDSocketServer.h; sourceTree = "<group>"; };
		69E40EA41F45282800C1DDC3 /* GCDSocketServer.m */ = {isa = PBXFileReference; fileEncoding = 4; lastKnownFileType = sourcecode.c.objc; path = GCDSocketServer.m; sourceTree = "<group>"; };
		69FC1AC61DDBF25400EF8AAC /* DarwinCore.framework */ = {isa = PBXFileReference; explicitFileType = wrapper.framework; includeInIndex = 0; path = DarwinCore.framework; sourceTree = BUILT_PRODUCTS_DIR; };
		69FC1AC91DDBF25400EF8AAC /* DarwinCore.h */ = {isa = PBXFileReference; lastKnownFileType = sourcecode.c.h; path = DarwinCore.h; sourceTree = "<group>"; };
		69FC1ACA1DDBF25400EF8AAC /* Info.plist */ = {isa = PBXFileReference; lastKnownFileType = text.plist.xml; path = Info.plist; sourceTree = "<group>"; };
		69FC1AD11DDBF27C00EF8AAC /* DNS.h */ = {isa = PBXFileReference; fileEncoding = 4; lastKnownFileType = sourcecode.c.h; path = DNS.h; sourceTree = "<group>"; };
		69FC1AD21DDBF27C00EF8AAC /* DNS.m */ = {isa = PBXFileReference; fileEncoding = 4; lastKnownFileType = sourcecode.c.objc; path = DNS.m; sourceTree = "<group>"; };
		69FC1AD61DDBF48F00EF8AAC /* libresolv.tbd */ = {isa = PBXFileReference; lastKnownFileType = "sourcecode.text-based-dylib-definition"; name = libresolv.tbd; path = usr/lib/libresolv.tbd; sourceTree = SDKROOT; };
		69FC1AD81DDBF4F800EF8AAC /* route.c */ = {isa = PBXFileReference; fileEncoding = 4; lastKnownFileType = sourcecode.c.c; path = route.c; sourceTree = "<group>"; };
		69FC1ADA1DDBF69300EF8AAC /* Route.h */ = {isa = PBXFileReference; fileEncoding = 4; lastKnownFileType = sourcecode.c.h; path = Route.h; sourceTree = "<group>"; };
		69FC1ADB1DDBF69300EF8AAC /* Route.m */ = {isa = PBXFileReference; fileEncoding = 4; lastKnownFileType = sourcecode.c.objc; path = Route.m; sourceTree = "<group>"; };
		69FC1AE21DDBF77300EF8AAC /* DarwinCoreTest.app */ = {isa = PBXFileReference; explicitFileType = wrapper.application; includeInIndex = 0; path = DarwinCoreTest.app; sourceTree = BUILT_PRODUCTS_DIR; };
		69FC1AE41DDBF77300EF8AAC /* AppDelegate.swift */ = {isa = PBXFileReference; lastKnownFileType = sourcecode.swift; path = AppDelegate.swift; sourceTree = "<group>"; };
		69FC1AE61DDBF77300EF8AAC /* ViewController.swift */ = {isa = PBXFileReference; lastKnownFileType = sourcecode.swift; path = ViewController.swift; sourceTree = "<group>"; };
		69FC1AE91DDBF77300EF8AAC /* Base */ = {isa = PBXFileReference; lastKnownFileType = file.storyboard; name = Base; path = Base.lproj/Main.storyboard; sourceTree = "<group>"; };
		69FC1AEB1DDBF77300EF8AAC /* Assets.xcassets */ = {isa = PBXFileReference; lastKnownFileType = folder.assetcatalog; path = Assets.xcassets; sourceTree = "<group>"; };
		69FC1AEE1DDBF77300EF8AAC /* Base */ = {isa = PBXFileReference; lastKnownFileType = file.storyboard; name = Base; path = Base.lproj/LaunchScreen.storyboard; sourceTree = "<group>"; };
		69FC1AF01DDBF77300EF8AAC /* Info.plist */ = {isa = PBXFileReference; lastKnownFileType = text.plist.xml; path = Info.plist; sourceTree = "<group>"; };
/* End PBXFileReference section */

/* Begin PBXFrameworksBuildPhase section */
		69784D8B1DE0AB4A007E32C2 /* Frameworks */ = {
			isa = PBXFrameworksBuildPhase;
			buildActionMask = 2147483647;
			files = (
				6949404F1DE0AE2200F67DF0 /* DarwinCore.framework in Frameworks */,
			);
			runOnlyForDeploymentPostprocessing = 0;
		};
		69B954D41DDF7D3F006AF669 /* Frameworks */ = {
			isa = PBXFrameworksBuildPhase;
			buildActionMask = 2147483647;
			files = (
				69B954EA1DDF7EA6006AF669 /* libresolv.tbd in Frameworks */,
			);
			runOnlyForDeploymentPostprocessing = 0;
		};
		69FC1AC21DDBF25400EF8AAC /* Frameworks */ = {
			isa = PBXFrameworksBuildPhase;
			buildActionMask = 2147483647;
			files = (
				69FC1AD71DDBF48F00EF8AAC /* libresolv.tbd in Frameworks */,
			);
			runOnlyForDeploymentPostprocessing = 0;
		};
		69FC1ADF1DDBF77300EF8AAC /* Frameworks */ = {
			isa = PBXFrameworksBuildPhase;
			buildActionMask = 2147483647;
			files = (
				69FC1AF61DDBF7CC00EF8AAC /* DarwinCore.framework in Frameworks */,
			);
			runOnlyForDeploymentPostprocessing = 0;
		};
/* End PBXFrameworksBuildPhase section */

/* Begin PBXGroup section */
		69784D8F1DE0AB4A007E32C2 /* macOSTest */ = {
			isa = PBXGroup;
			children = (
				69784D901DE0AB4A007E32C2 /* AppDelegate.swift */,
				69784D921DE0AB4A007E32C2 /* ViewController.swift */,
				69784D941DE0AB4A007E32C2 /* Assets.xcassets */,
				69784D961DE0AB4A007E32C2 /* Main.storyboard */,
				69784D991DE0AB4A007E32C2 /* Info.plist */,
			);
			path = macOSTest;
			sourceTree = "<group>";
		};
		69B954D91DDF7D3F006AF669 /* DarwinCoreOSX */ = {
			isa = PBXGroup;
			children = (
				69B954DA1DDF7D3F006AF669 /* DarwinCore.h */,
				69B954DB1DDF7D3F006AF669 /* Info.plist */,
			);
			path = DarwinCoreOSX;
			sourceTree = "<group>";
		};
		69FC1ABC1DDBF25400EF8AAC = {
			isa = PBXGroup;
			children = (
				69FC1AC81DDBF25400EF8AAC /* DarwinCore */,
				69FC1AE31DDBF77300EF8AAC /* DarwinCoreTest */,
				69B954D91DDF7D3F006AF669 /* DarwinCoreOSX */,
				69784D8F1DE0AB4A007E32C2 /* macOSTest */,
				69FC1AC71DDBF25400EF8AAC /* Products */,
				69FC1AD51DDBF48F00EF8AAC /* Frameworks */,
			);
			sourceTree = "<group>";
		};
		69FC1AC71DDBF25400EF8AAC /* Products */ = {
			isa = PBXGroup;
			children = (
				69FC1AC61DDBF25400EF8AAC /* DarwinCore.framework */,
				69FC1AE21DDBF77300EF8AAC /* DarwinCoreTest.app */,
				69B954D81DDF7D3F006AF669 /* DarwinCore.framework */,
				69784D8E1DE0AB4A007E32C2 /* macOSTest.app */,
			);
			name = Products;
			sourceTree = "<group>";
		};
		69FC1AC81DDBF25400EF8AAC /* DarwinCore */ = {
			isa = PBXGroup;
			children = (
				69E40EA01F45255600C1DDC3 /* common.h */,
				690B41151EE13CF800007E26 /* DCIPAddr.h */,
				69E40EA31F45282800C1DDC3 /* GCDSocketServer.h */,
				69E40EA41F45282800C1DDC3 /* GCDSocketServer.m */,
				690B41161EE13CF800007E26 /* DCIPAddr.m */,
				6918833F1DDD44AB0051DAAE /* DNSResolver.h */,
				691883401DDD44AB0051DAAE /* DNSResolver.m */,
				6918833B1DDCA36A0051DAAE /* STTraffic.h */,
				6918833C1DDCA36A0051DAAE /* STTraffic.m */,
				69FC1ADA1DDBF69300EF8AAC /* Route.h */,
				69FC1ADB1DDBF69300EF8AAC /* Route.m */,
				69FC1AD81DDBF4F800EF8AAC /* route.c */,
				69FC1AC91DDBF25400EF8AAC /* DarwinCore.h */,
				69FC1ACA1DDBF25400EF8AAC /* Info.plist */,
				69FC1AD11DDBF27C00EF8AAC /* DNS.h */,
				69FC1AD21DDBF27C00EF8AAC /* DNS.m */,
				69639C1B1EE1B2EF00893D18 /* IPSum.h */,
				69639C1C1EE1B2EF00893D18 /* IPSum.m */,
				69E40E9D1F45251E00C1DDC3 /* shared.h */,
			);
			path = DarwinCore;
			sourceTree = "<group>";
		};
		69FC1AD51DDBF48F00EF8AAC /* Frameworks */ = {
			isa = PBXGroup;
			children = (
				69B954E91DDF7EA6006AF669 /* libresolv.tbd */,
				69FC1AD61DDBF48F00EF8AAC /* libresolv.tbd */,
			);
			name = Frameworks;
			sourceTree = "<group>";
		};
		69FC1AE31DDBF77300EF8AAC /* DarwinCoreTest */ = {
			isa = PBXGroup;
			children = (
				69FC1AE41DDBF77300EF8AAC /* AppDelegate.swift */,
				69FC1AE61DDBF77300EF8AAC /* ViewController.swift */,
				69FC1AE81DDBF77300EF8AAC /* Main.storyboard */,
				69FC1AEB1DDBF77300EF8AAC /* Assets.xcassets */,
				69FC1AED1DDBF77300EF8AAC /* LaunchScreen.storyboard */,
				69FC1AF01DDBF77300EF8AAC /* Info.plist */,
			);
			path = DarwinCoreTest;
			sourceTree = "<group>";
		};
/* End PBXGroup section */

/* Begin PBXHeadersBuildPhase section */
		69B954D51DDF7D3F006AF669 /* Headers */ = {
			isa = PBXHeadersBuildPhase;
			buildActionMask = 2147483647;
			files = (
				690B41181EE13CF800007E26 /* DCIPAddr.h in Headers */,
				69E40EA61F45282800C1DDC3 /* GCDSocketServer.h in Headers */,
				69E40EA21F45255600C1DDC3 /* common.h in Headers */,
				69B954E81DDF7D7A006AF669 /* DNSResolver.h in Headers */,
				69B954E51DDF7D62006AF669 /* DNS.h in Headers */,
				69639C1E1EE1B2EF00893D18 /* IPSum.h in Headers */,
				69E40E9F1F45251E00C1DDC3 /* shared.h in Headers */,
				69B954E71DDF7D74006AF669 /* STTraffic.h in Headers */,
				69A684A11DE0AF7D00ED80D1 /* DarwinCore.h in Headers */,
			);
			runOnlyForDeploymentPostprocessing = 0;
		};
		69FC1AC31DDBF25400EF8AAC /* Headers */ = {
			isa = PBXHeadersBuildPhase;
			buildActionMask = 2147483647;
			files = (
				69FC1ADC1DDBF69300EF8AAC /* Route.h in Headers */,
				69E40EA11F45255600C1DDC3 /* common.h in Headers */,
				69639C1D1EE1B2EF00893D18 /* IPSum.h in Headers */,
				691883411DDD44AB0051DAAE /* DNSResolver.h in Headers */,
				69FC1AD31DDBF27C00EF8AAC /* DNS.h in Headers */,
				69E40EA51F45282800C1DDC3 /* GCDSocketServer.h in Headers */,
				69FC1ACB1DDBF25400EF8AAC /* DarwinCore.h in Headers */,
				6918833D1DDCA36A0051DAAE /* STTraffic.h in Headers */,
				690B41171EE13CF800007E26 /* DCIPAddr.h in Headers */,
				69E40E9E1F45251E00C1DDC3 /* shared.h in Headers */,
			);
			runOnlyForDeploymentPostprocessing = 0;
		};
/* End PBXHeadersBuildPhase section */

/* Begin PBXNativeTarget section */
		69784D8D1DE0AB4A007E32C2 /* macOSTest */ = {
			isa = PBXNativeTarget;
			buildConfigurationList = 69784D9C1DE0AB4A007E32C2 /* Build configuration list for PBXNativeTarget "macOSTest" */;
			buildPhases = (
				69784D8A1DE0AB4A007E32C2 /* Sources */,
				69784D8B1DE0AB4A007E32C2 /* Frameworks */,
				69784D8C1DE0AB4A007E32C2 /* Resources */,
				694940511DE0AE2200F67DF0 /* Embed Frameworks */,
			);
			buildRules = (
			);
			dependencies = (
				69784D9F1DE0ABE4007E32C2 /* PBXTargetDependency */,
			);
			name = macOSTest;
			productName = macOSTest;
			productReference = 69784D8E1DE0AB4A007E32C2 /* macOSTest.app */;
			productType = "com.apple.product-type.application";
		};
		69B954D71DDF7D3F006AF669 /* DarwinCoreOSX */ = {
			isa = PBXNativeTarget;
			buildConfigurationList = 69B954DF1DDF7D3F006AF669 /* Build configuration list for PBXNativeTarget "DarwinCoreOSX" */;
			buildPhases = (
				69B954D31DDF7D3F006AF669 /* Sources */,
				69B954D41DDF7D3F006AF669 /* Frameworks */,
				69B954D51DDF7D3F006AF669 /* Headers */,
				69B954D61DDF7D3F006AF669 /* Resources */,
			);
			buildRules = (
			);
			dependencies = (
			);
			name = DarwinCoreOSX;
			productName = DarwinCoreOSX;
			productReference = 69B954D81DDF7D3F006AF669 /* DarwinCore.framework */;
			productType = "com.apple.product-type.framework";
		};
		69FC1AC51DDBF25400EF8AAC /* DarwinCore */ = {
			isa = PBXNativeTarget;
			buildConfigurationList = 69FC1ACE1DDBF25400EF8AAC /* Build configuration list for PBXNativeTarget "DarwinCore" */;
			buildPhases = (
				69FC1AC11DDBF25400EF8AAC /* Sources */,
				69FC1AC21DDBF25400EF8AAC /* Frameworks */,
				69FC1AC31DDBF25400EF8AAC /* Headers */,
				69FC1AC41DDBF25400EF8AAC /* Resources */,
			);
			buildRules = (
			);
			dependencies = (
			);
			name = DarwinCore;
			productName = DarwinCore;
			productReference = 69FC1AC61DDBF25400EF8AAC /* DarwinCore.framework */;
			productType = "com.apple.product-type.framework";
		};
		69FC1AE11DDBF77300EF8AAC /* DarwinCoreTest */ = {
			isa = PBXNativeTarget;
			buildConfigurationList = 69FC1AF11DDBF77300EF8AAC /* Build configuration list for PBXNativeTarget "DarwinCoreTest" */;
			buildPhases = (
				69FC1ADE1DDBF77300EF8AAC /* Sources */,
				69FC1ADF1DDBF77300EF8AAC /* Frameworks */,
				69FC1AE01DDBF77300EF8AAC /* Resources */,
				69FC1AF71DDBF7D400EF8AAC /* CopyFiles */,
			);
			buildRules = (
			);
			dependencies = (
				69FC1AF51DDBF7C000EF8AAC /* PBXTargetDependency */,
			);
			name = DarwinCoreTest;
			productName = DarwinCoreTest;
			productReference = 69FC1AE21DDBF77300EF8AAC /* DarwinCoreTest.app */;
			productType = "com.apple.product-type.application";
		};
/* End PBXNativeTarget section */

/* Begin PBXProject section */
		69FC1ABD1DDBF25400EF8AAC /* Project object */ = {
			isa = PBXProject;
			attributes = {
				LastSwiftUpdateCheck = 0820;
				LastUpgradeCheck = 0900;
				ORGANIZATIONNAME = "Kong XiangBo";
				TargetAttributes = {
					69784D8D1DE0AB4A007E32C2 = {
						CreatedOnToolsVersion = 8.2;
						DevelopmentTeam = 745WQDK4L7;
						ProvisioningStyle = Automatic;
					};
					69B954D71DDF7D3F006AF669 = {
						CreatedOnToolsVersion = 8.2;
						DevelopmentTeam = 745WQDK4L7;
						ProvisioningStyle = Automatic;
					};
					69FC1AC51DDBF25400EF8AAC = {
						CreatedOnToolsVersion = 8.2;
						ProvisioningStyle = Automatic;
					};
					69FC1AE11DDBF77300EF8AAC = {
						CreatedOnToolsVersion = 8.2;
						DevelopmentTeam = 745WQDK4L7;
						ProvisioningStyle = Automatic;
					};
				};
			};
			buildConfigurationList = 69FC1AC01DDBF25400EF8AAC /* Build configuration list for PBXProject "DarwinCore" */;
			compatibilityVersion = "Xcode 3.2";
			developmentRegion = English;
			hasScannedForEncodings = 0;
			knownRegions = (
				en,
				Base,
			);
			mainGroup = 69FC1ABC1DDBF25400EF8AAC;
			productRefGroup = 69FC1AC71DDBF25400EF8AAC /* Products */;
			projectDirPath = "";
			projectRoot = "";
			targets = (
				69FC1AC51DDBF25400EF8AAC /* DarwinCore */,
				69FC1AE11DDBF77300EF8AAC /* DarwinCoreTest */,
				69B954D71DDF7D3F006AF669 /* DarwinCoreOSX */,
				69784D8D1DE0AB4A007E32C2 /* macOSTest */,
			);
		};
/* End PBXProject section */

/* Begin PBXResourcesBuildPhase section */
		69784D8C1DE0AB4A007E32C2 /* Resources */ = {
			isa = PBXResourcesBuildPhase;
			buildActionMask = 2147483647;
			files = (
				69784D951DE0AB4A007E32C2 /* Assets.xcassets in Resources */,
				69784D981DE0AB4A007E32C2 /* Main.storyboard in Resources */,
			);
			runOnlyForDeploymentPostprocessing = 0;
		};
		69B954D61DDF7D3F006AF669 /* Resources */ = {
			isa = PBXResourcesBuildPhase;
			buildActionMask = 2147483647;
			files = (
			);
			runOnlyForDeploymentPostprocessing = 0;
		};
		69FC1AC41DDBF25400EF8AAC /* Resources */ = {
			isa = PBXResourcesBuildPhase;
			buildActionMask = 2147483647;
			files = (
			);
			runOnlyForDeploymentPostprocessing = 0;
		};
		69FC1AE01DDBF77300EF8AAC /* Resources */ = {
			isa = PBXResourcesBuildPhase;
			buildActionMask = 2147483647;
			files = (
				69FC1AEF1DDBF77300EF8AAC /* LaunchScreen.storyboard in Resources */,
				69FC1AEC1DDBF77300EF8AAC /* Assets.xcassets in Resources */,
				69FC1AEA1DDBF77300EF8AAC /* Main.storyboard in Resources */,
			);
			runOnlyForDeploymentPostprocessing = 0;
		};
/* End PBXResourcesBuildPhase section */

/* Begin PBXSourcesBuildPhase section */
		69784D8A1DE0AB4A007E32C2 /* Sources */ = {
			isa = PBXSourcesBuildPhase;
			buildActionMask = 2147483647;
			files = (
				69784D931DE0AB4A007E32C2 /* ViewController.swift in Sources */,
				69784D911DE0AB4A007E32C2 /* AppDelegate.swift in Sources */,
			);
			runOnlyForDeploymentPostprocessing = 0;
		};
		69B954D31DDF7D3F006AF669 /* Sources */ = {
			isa = PBXSourcesBuildPhase;
			buildActionMask = 2147483647;
			files = (
				690B411A1EE13CF800007E26 /* DCIPAddr.m in Sources */,
				69B954E41DDF7D5E006AF669 /* DNS.m in Sources */,
				69E40EA81F45282800C1DDC3 /* GCDSocketServer.m in Sources */,
				69639C201EE1B2EF00893D18 /* IPSum.m in Sources */,
				69B954E11DDF7D51006AF669 /* STTraffic.m in Sources */,
				69B954E01DDF7D4D006AF669 /* DNSResolver.m in Sources */,
			);
			runOnlyForDeploymentPostprocessing = 0;
		};
		69FC1AC11DDBF25400EF8AAC /* Sources */ = {
			isa = PBXSourcesBuildPhase;
			buildActionMask = 2147483647;
			files = (
				6918833E1DDCA36A0051DAAE /* STTraffic.m in Sources */,
				691883421DDD44AB0051DAAE /* DNSResolver.m in Sources */,
				69639C1F1EE1B2EF00893D18 /* IPSum.m in Sources */,
				690B41191EE13CF800007E26 /* DCIPAddr.m in Sources */,
				69FC1ADD1DDBF69300EF8AAC /* Route.m in Sources */,
				69FC1AD41DDBF27C00EF8AAC /* DNS.m in Sources */,
				69E40EA71F45282800C1DDC3 /* GCDSocketServer.m in Sources */,
				69FC1AD91DDBF4F800EF8AAC /* route.c in Sources */,
			);
			runOnlyForDeploymentPostprocessing = 0;
		};
		69FC1ADE1DDBF77300EF8AAC /* Sources */ = {
			isa = PBXSourcesBuildPhase;
			buildActionMask = 2147483647;
			files = (
				69FC1AE71DDBF77300EF8AAC /* ViewController.swift in Sources */,
				69FC1AE51DDBF77300EF8AAC /* AppDelegate.swift in Sources */,
			);
			runOnlyForDeploymentPostprocessing = 0;
		};
/* End PBXSourcesBuildPhase section */

/* Begin PBXTargetDependency section */
		69784D9F1DE0ABE4007E32C2 /* PBXTargetDependency */ = {
			isa = PBXTargetDependency;
			target = 69B954D71DDF7D3F006AF669 /* DarwinCoreOSX */;
			targetProxy = 69784D9E1DE0ABE4007E32C2 /* PBXContainerItemProxy */;
		};
		69FC1AF51DDBF7C000EF8AAC /* PBXTargetDependency */ = {
			isa = PBXTargetDependency;
			target = 69FC1AC51DDBF25400EF8AAC /* DarwinCore */;
			targetProxy = 69FC1AF41DDBF7C000EF8AAC /* PBXContainerItemProxy */;
		};
/* End PBXTargetDependency section */

/* Begin PBXVariantGroup section */
		69784D961DE0AB4A007E32C2 /* Main.storyboard */ = {
			isa = PBXVariantGroup;
			children = (
				69784D971DE0AB4A007E32C2 /* Base */,
			);
			name = Main.storyboard;
			sourceTree = "<group>";
		};
		69FC1AE81DDBF77300EF8AAC /* Main.storyboard */ = {
			isa = PBXVariantGroup;
			children = (
				69FC1AE91DDBF77300EF8AAC /* Base */,
			);
			name = Main.storyboard;
			sourceTree = "<group>";
		};
		69FC1AED1DDBF77300EF8AAC /* LaunchScreen.storyboard */ = {
			isa = PBXVariantGroup;
			children = (
				69FC1AEE1DDBF77300EF8AAC /* Base */,
			);
			name = LaunchScreen.storyboard;
			sourceTree = "<group>";
		};
/* End PBXVariantGroup section */

/* Begin XCBuildConfiguration section */
		69784D9A1DE0AB4A007E32C2 /* Debug */ = {
			isa = XCBuildConfiguration;
			buildSettings = {
				ASSETCATALOG_COMPILER_APPICON_NAME = AppIcon;
				CODE_SIGN_IDENTITY = "-";
				COMBINE_HIDPI_IMAGES = YES;
				DEVELOPMENT_TEAM = 745WQDK4L7;
				INFOPLIST_FILE = macOSTest/Info.plist;
				LD_RUNPATH_SEARCH_PATHS = "$(inherited) @executable_path/../Frameworks";
				MACOSX_DEPLOYMENT_TARGET = 10.12;
				PRODUCT_BUNDLE_IDENTIFIER = com.yarshure.macOSTest;
				PRODUCT_NAME = "$(TARGET_NAME)";
				SDKROOT = macosx;
				SWIFT_ACTIVE_COMPILATION_CONDITIONS = DEBUG;
				SWIFT_OPTIMIZATION_LEVEL = "-Onone";
				SWIFT_VERSION = 3.0;
			};
			name = Debug;
		};
		69784D9B1DE0AB4A007E32C2 /* Release */ = {
			isa = XCBuildConfiguration;
			buildSettings = {
				ASSETCATALOG_COMPILER_APPICON_NAME = AppIcon;
				CODE_SIGN_IDENTITY = "-";
				COMBINE_HIDPI_IMAGES = YES;
				DEVELOPMENT_TEAM = 745WQDK4L7;
				INFOPLIST_FILE = macOSTest/Info.plist;
				LD_RUNPATH_SEARCH_PATHS = "$(inherited) @executable_path/../Frameworks";
				MACOSX_DEPLOYMENT_TARGET = 10.12;
				PRODUCT_BUNDLE_IDENTIFIER = com.yarshure.macOSTest;
				PRODUCT_NAME = "$(TARGET_NAME)";
				SDKROOT = macosx;
				SWIFT_OPTIMIZATION_LEVEL = "-Owholemodule";
				SWIFT_VERSION = 3.0;
			};
			name = Release;
		};
		69B954DD1DDF7D3F006AF669 /* Debug */ = {
			isa = XCBuildConfiguration;
			buildSettings = {
				CLANG_ALLOW_NON_MODULAR_INCLUDES_IN_FRAMEWORK_MODULES = YES;
				CODE_SIGN_IDENTITY = "-";
				COMBINE_HIDPI_IMAGES = YES;
				DEFINES_MODULE = YES;
				DEVELOPMENT_TEAM = 745WQDK4L7;
				DYLIB_COMPATIBILITY_VERSION = 1;
				DYLIB_CURRENT_VERSION = 1;
				DYLIB_INSTALL_NAME_BASE = "@rpath";
				FRAMEWORK_VERSION = A;
				HEADER_SEARCH_PATHS = "";
				INFOPLIST_FILE = DarwinCoreOSX/Info.plist;
				INSTALL_PATH = "$(LOCAL_LIBRARY_DIR)/Frameworks";
				LD_RUNPATH_SEARCH_PATHS = "$(inherited) @executable_path/../Frameworks @loader_path/Frameworks";
				MACOSX_DEPLOYMENT_TARGET = 10.11;
				PRODUCT_BUNDLE_IDENTIFIER = com.yarshure.DarwinCore;
				PRODUCT_NAME = DarwinCore;
				SDKROOT = macosx;
				SKIP_INSTALL = YES;
				SWIFT_ACTIVE_COMPILATION_CONDITIONS = DEBUG;
				SWIFT_OPTIMIZATION_LEVEL = "-Onone";
				SWIFT_VERSION = 3.0;
			};
			name = Debug;
		};
		69B954DE1DDF7D3F006AF669 /* Release */ = {
			isa = XCBuildConfiguration;
			buildSettings = {
				CLANG_ALLOW_NON_MODULAR_INCLUDES_IN_FRAMEWORK_MODULES = YES;
				CODE_SIGN_IDENTITY = "-";
				COMBINE_HIDPI_IMAGES = YES;
				DEFINES_MODULE = YES;
				DEVELOPMENT_TEAM = 745WQDK4L7;
				DYLIB_COMPATIBILITY_VERSION = 1;
				DYLIB_CURRENT_VERSION = 1;
				DYLIB_INSTALL_NAME_BASE = "@rpath";
				FRAMEWORK_VERSION = A;
				HEADER_SEARCH_PATHS = "";
				INFOPLIST_FILE = DarwinCoreOSX/Info.plist;
				INSTALL_PATH = "$(LOCAL_LIBRARY_DIR)/Frameworks";
				LD_RUNPATH_SEARCH_PATHS = "$(inherited) @executable_path/../Frameworks @loader_path/Frameworks";
				MACOSX_DEPLOYMENT_TARGET = 10.11;
				PRODUCT_BUNDLE_IDENTIFIER = com.yarshure.DarwinCore;
				PRODUCT_NAME = DarwinCore;
				SDKROOT = macosx;
				SKIP_INSTALL = YES;
				SWIFT_OPTIMIZATION_LEVEL = "-Owholemodule";
				SWIFT_VERSION = 3.0;
			};
			name = Release;
		};
		69FC1ACC1DDBF25400EF8AAC /* Debug */ = {
			isa = XCBuildConfiguration;
			buildSettings = {
				ALWAYS_SEARCH_USER_PATHS = NO;
				CLANG_ANALYZER_NONNULL = YES;
				CLANG_CXX_LANGUAGE_STANDARD = "gnu++0x";
				CLANG_CXX_LIBRARY = "libc++";
				CLANG_ENABLE_MODULES = YES;
				CLANG_ENABLE_OBJC_ARC = YES;
				CLANG_WARN_BLOCK_CAPTURE_AUTORELEASING = YES;
				CLANG_WARN_BOOL_CONVERSION = YES;
				CLANG_WARN_COMMA = YES;
				CLANG_WARN_CONSTANT_CONVERSION = YES;
				CLANG_WARN_DIRECT_OBJC_ISA_USAGE = YES_ERROR;
				CLANG_WARN_DOCUMENTATION_COMMENTS = YES;
				CLANG_WARN_EMPTY_BODY = YES;
				CLANG_WARN_ENUM_CONVERSION = YES;
				CLANG_WARN_INFINITE_RECURSION = YES;
				CLANG_WARN_INT_CONVERSION = YES;
				CLANG_WARN_NON_LITERAL_NULL_CONVERSION = YES;
				CLANG_WARN_OBJC_LITERAL_CONVERSION = YES;
				CLANG_WARN_OBJC_ROOT_CLASS = YES_ERROR;
				CLANG_WARN_RANGE_LOOP_ANALYSIS = YES;
				CLANG_WARN_STRICT_PROTOTYPES = YES;
				CLANG_WARN_SUSPICIOUS_MOVE = YES;
				CLANG_WARN_UNREACHABLE_CODE = YES;
				CLANG_WARN__DUPLICATE_METHOD_MATCH = YES;
				"CODE_SIGN_IDENTITY[sdk=iphoneos*]" = "iPhone Developer";
				COPY_PHASE_STRIP = NO;
				CURRENT_PROJECT_VERSION = 1;
				DEBUG_INFORMATION_FORMAT = dwarf;
				ENABLE_STRICT_OBJC_MSGSEND = YES;
				ENABLE_TESTABILITY = YES;
				GCC_C_LANGUAGE_STANDARD = gnu99;
				GCC_DYNAMIC_NO_PIC = NO;
				GCC_NO_COMMON_BLOCKS = YES;
				GCC_OPTIMIZATION_LEVEL = 0;
				GCC_PREPROCESSOR_DEFINITIONS = (
					"DEBUG=1",
					"$(inherited)",
				);
				GCC_WARN_64_TO_32_BIT_CONVERSION = YES;
				GCC_WARN_ABOUT_RETURN_TYPE = YES_ERROR;
				GCC_WARN_UNDECLARED_SELECTOR = YES;
				GCC_WARN_UNINITIALIZED_AUTOS = YES_AGGRESSIVE;
				GCC_WARN_UNUSED_FUNCTION = YES;
				GCC_WARN_UNUSED_VARIABLE = YES;
				IPHONEOS_DEPLOYMENT_TARGET = 10.2;
				MTL_ENABLE_DEBUG_INFO = YES;
				ONLY_ACTIVE_ARCH = YES;
				SDKROOT = iphoneos;
				TARGETED_DEVICE_FAMILY = "1,2";
				VERSIONING_SYSTEM = "apple-generic";
				VERSION_INFO_PREFIX = "";
			};
			name = Debug;
		};
		69FC1ACD1DDBF25400EF8AAC /* Release */ = {
			isa = XCBuildConfiguration;
			buildSettings = {
				ALWAYS_SEARCH_USER_PATHS = NO;
				CLANG_ANALYZER_NONNULL = YES;
				CLANG_CXX_LANGUAGE_STANDARD = "gnu++0x";
				CLANG_CXX_LIBRARY = "libc++";
				CLANG_ENABLE_MODULES = YES;
				CLANG_ENABLE_OBJC_ARC = YES;
				CLANG_WARN_BLOCK_CAPTURE_AUTORELEASING = YES;
				CLANG_WARN_BOOL_CONVERSION = YES;
				CLANG_WARN_COMMA = YES;
				CLANG_WARN_CONSTANT_CONVERSION = YES;
				CLANG_WARN_DIRECT_OBJC_ISA_USAGE = YES_ERROR;
				CLANG_WARN_DOCUMENTATION_COMMENTS = YES;
				CLANG_WARN_EMPTY_BODY = YES;
				CLANG_WARN_ENUM_CONVERSION = YES;
				CLANG_WARN_INFINITE_RECURSION = YES;
				CLANG_WARN_INT_CONVERSION = YES;
				CLANG_WARN_NON_LITERAL_NULL_CONVERSION = YES;
				CLANG_WARN_OBJC_LITERAL_CONVERSION = YES;
				CLANG_WARN_OBJC_ROOT_CLASS = YES_ERROR;
				CLANG_WARN_RANGE_LOOP_ANALYSIS = YES;
				CLANG_WARN_STRICT_PROTOTYPES = YES;
				CLANG_WARN_SUSPICIOUS_MOVE = YES;
				CLANG_WARN_UNREACHABLE_CODE = YES;
				CLANG_WARN__DUPLICATE_METHOD_MATCH = YES;
				"CODE_SIGN_IDENTITY[sdk=iphoneos*]" = "iPhone Developer";
				COPY_PHASE_STRIP = NO;
				CURRENT_PROJECT_VERSION = 1;
				DEBUG_INFORMATION_FORMAT = "dwarf-with-dsym";
				ENABLE_NS_ASSERTIONS = NO;
				ENABLE_STRICT_OBJC_MSGSEND = YES;
				GCC_C_LANGUAGE_STANDARD = gnu99;
				GCC_NO_COMMON_BLOCKS = YES;
				GCC_WARN_64_TO_32_BIT_CONVERSION = YES;
				GCC_WARN_ABOUT_RETURN_TYPE = YES_ERROR;
				GCC_WARN_UNDECLARED_SELECTOR = YES;
				GCC_WARN_UNINITIALIZED_AUTOS = YES_AGGRESSIVE;
				GCC_WARN_UNUSED_FUNCTION = YES;
				GCC_WARN_UNUSED_VARIABLE = YES;
				IPHONEOS_DEPLOYMENT_TARGET = 10.2;
				MTL_ENABLE_DEBUG_INFO = NO;
				SDKROOT = iphoneos;
				SWIFT_OPTIMIZATION_LEVEL = "-Owholemodule";
				TARGETED_DEVICE_FAMILY = "1,2";
				VALIDATE_PRODUCT = YES;
				VERSIONING_SYSTEM = "apple-generic";
				VERSION_INFO_PREFIX = "";
			};
			name = Release;
		};
		69FC1ACF1DDBF25400EF8AAC /* Debug */ = {
			isa = XCBuildConfiguration;
			buildSettings = {
				CODE_SIGN_IDENTITY = "";
				DEFINES_MODULE = YES;
				DYLIB_COMPATIBILITY_VERSION = 1;
				DYLIB_CURRENT_VERSION = 1;
				DYLIB_INSTALL_NAME_BASE = "@rpath";
				HEADER_SEARCH_PATHS = "$(PROJECT_DIR)/include/";
				INFOPLIST_FILE = DarwinCore/Info.plist;
				INSTALL_PATH = "$(LOCAL_LIBRARY_DIR)/Frameworks";
				IPHONEOS_DEPLOYMENT_TARGET = 9.0;
				LD_RUNPATH_SEARCH_PATHS = "$(inherited) @executable_path/Frameworks @loader_path/Frameworks";
				PRODUCT_BUNDLE_IDENTIFIER = com.yarshure.DarwinCore;
				PRODUCT_NAME = "$(TARGET_NAME)";
				SKIP_INSTALL = YES;
			};
			name = Debug;
		};
		69FC1AD01DDBF25400EF8AAC /* Release */ = {
			isa = XCBuildConfiguration;
			buildSettings = {
				CODE_SIGN_IDENTITY = "";
				DEFINES_MODULE = YES;
				DYLIB_COMPATIBILITY_VERSION = 1;
				DYLIB_CURRENT_VERSION = 1;
				DYLIB_INSTALL_NAME_BASE = "@rpath";
				HEADER_SEARCH_PATHS = "$(PROJECT_DIR)/include/";
				INFOPLIST_FILE = DarwinCore/Info.plist;
				INSTALL_PATH = "$(LOCAL_LIBRARY_DIR)/Frameworks";
				IPHONEOS_DEPLOYMENT_TARGET = 9.0;
				LD_RUNPATH_SEARCH_PATHS = "$(inherited) @executable_path/Frameworks @loader_path/Frameworks";
				PRODUCT_BUNDLE_IDENTIFIER = com.yarshure.DarwinCore;
				PRODUCT_NAME = "$(TARGET_NAME)";
				SKIP_INSTALL = YES;
			};
			name = Release;
		};
		69FC1AF21DDBF77300EF8AAC /* Debug */ = {
			isa = XCBuildConfiguration;
			buildSettings = {
				ASSETCATALOG_COMPILER_APPICON_NAME = AppIcon;
				DEVELOPMENT_TEAM = 745WQDK4L7;
				INFOPLIST_FILE = DarwinCoreTest/Info.plist;
				LD_RUNPATH_SEARCH_PATHS = "$(inherited) @executable_path/Frameworks";
				PRODUCT_BUNDLE_IDENTIFIER = com.yarshure.DarwinCoreTest;
				PRODUCT_NAME = "$(TARGET_NAME)";
				SWIFT_ACTIVE_COMPILATION_CONDITIONS = DEBUG;
				SWIFT_OPTIMIZATION_LEVEL = "-Onone";
				SWIFT_VERSION = 3.0;
			};
			name = Debug;
		};
		69FC1AF31DDBF77300EF8AAC /* Release */ = {
			isa = XCBuildConfiguration;
			buildSettings = {
				ASSETCATALOG_COMPILER_APPICON_NAME = AppIcon;
				DEVELOPMENT_TEAM = 745WQDK4L7;
				INFOPLIST_FILE = DarwinCoreTest/Info.plist;
				LD_RUNPATH_SEARCH_PATHS = "$(inherited) @executable_path/Frameworks";
				PRODUCT_BUNDLE_IDENTIFIER = com.yarshure.DarwinCoreTest;
				PRODUCT_NAME = "$(TARGET_NAME)";
				SWIFT_OPTIMIZATION_LEVEL = "-Owholemodule";
				SWIFT_VERSION = 3.0;
			};
			name = Release;
		};
/* End XCBuildConfiguration section */

/* Begin XCConfigurationList section */
		69784D9C1DE0AB4A007E32C2 /* Build configuration list for PBXNativeTarget "macOSTest" */ = {
			isa = XCConfigurationList;
			buildConfigurations = (
				69784D9A1DE0AB4A007E32C2 /* Debug */,
				69784D9B1DE0AB4A007E32C2 /* Release */,
			);
			defaultConfigurationIsVisible = 0;
			defaultConfigurationName = Release;
		};
		69B954DF1DDF7D3F006AF669 /* Build configuration list for PBXNativeTarget "DarwinCoreOSX" */ = {
			isa = XCConfigurationList;
			buildConfigurations = (
				69B954DD1DDF7D3F006AF669 /* Debug */,
				69B954DE1DDF7D3F006AF669 /* Release */,
			);
			defaultConfigurationIsVisible = 0;
			defaultConfigurationName = Release;
		};
		69FC1AC01DDBF25400EF8AAC /* Build configuration list for PBXProject "DarwinCore" */ = {
			isa = XCConfigurationList;
			buildConfigurations = (
				69FC1ACC1DDBF25400EF8AAC /* Debug */,
				69FC1ACD1DDBF25400EF8AAC /* Release */,
			);
			defaultConfigurationIsVisible = 0;
			defaultConfigurationName = Release;
		};
		69FC1ACE1DDBF25400EF8AAC /* Build configuration list for PBXNativeTarget "DarwinCore" */ = {
			isa = XCConfigurationList;
			buildConfigurations = (
				69FC1ACF1DDBF25400EF8AAC /* Debug */,
				69FC1AD01DDBF25400EF8AAC /* Release */,
			);
			defaultConfigurationIsVisible = 0;
			defaultConfigurationName = Release;
		};
		69FC1AF11DDBF77300EF8AAC /* Build configuration list for PBXNativeTarget "DarwinCoreTest" */ = {
			isa = XCConfigurationList;
			buildConfigurations = (
				69FC1AF21DDBF77300EF8AAC /* Debug */,
				69FC1AF31DDBF77300EF8AAC /* Release */,
			);
			defaultConfigurationIsVisible = 0;
			defaultConfigurationName = Release;
		};
/* End XCConfigurationList section */
	};
	rootObject = 69FC1ABD1DDBF25400EF8AAC /* Project object */;
}
